github.com/jbrodriguez/mlog v0.0.0-20180805173533-cbd5ae8e9c53 h1:PyPVFOK48nIMPI1vVeeafxHb9wVqCPEauUQBt4v3yDQ=
github.com/jbrodriguez/mlog v0.0.0-20180805173533-cbd5ae8e9c53/go.mod h1:H8HrQQO3i02Ktu5ndZShfTSw3pj2vaHnpfOmUAUcqL4=
github.com/namsral/flag v1.7.4-pre h1:b2ScHhoCUkbsq0d2C15Mv+VU8bl8hAXV8arnWiOHNZs=
github.com/namsral/flag v1.7.4-pre/go.mod h1:OXldTctbM6SWH1K899kPZcf65KxJiD7MsceFUpB5yDo=
github.com/pioz/tvdb v0.0.0-20181030111906-4bc4113e2d1d h1:SxrekIQTHpAD1Zw1lpNhs87pPMo1UaIMl2FVSwxGBxw=
github.com/pioz/tvdb v0.0.0-20181030111906-4bc4113e2d1d/go.mod h1:nhHRTrbEzdp4lXtiozX4Yuvo4AHi29nOvM1J7H/XJMM=
